
Microsoft Visual Studio Solution File, Format Version 12.00
# Visual Studio Version 17
VisualStudioVersion = 17.10.34928.147
MinimumVisualStudioVersion = 10.0.40219.1
Project("{FAE04EC0-301F-11D3-BF4B-00C04F79EFBC}") = "QuanLyDatPhongKS", "QuanLyDatPhongKS\QuanLyDatPhongKS.csproj", "{F3868699-7838-4DDE-B44D-EE64AC2910BA}"
EndProject
Global
	GlobalSection(SolutionConfigurationPlatforms) = preSolution
		Debug|Any CPU = Debug|Any CPU
		Release|Any CPU = Release|Any CPU
	EndGlobalSection
	GlobalSection(ProjectConfigurationPlatforms) = postSolution
		{F3868699-7838-4DDE-B44D-EE64AC2910BA}.Debug|Any CPU.ActiveCfg = Debug|Any CPU
		{F3868699-7838-4DDE-B44D-EE64AC2910BA}.Debug|Any CPU.Build.0 = Debug|Any CPU
		{F3868699-7838-4DDE-B44D-EE64AC2910BA}.Release|Any CPU.ActiveCfg = Release|Any CPU
		{F3868699-7838-4DDE-B44D-EE64AC2910BA}.Release|Any CPU.Build.0 = Release|Any CPU
	EndGlobalSection
	GlobalSection(SolutionProperties) = preSolution
		HideSolutionNode = FALSE
	EndGlobalSection
	GlobalSection(ExtensibilityGlobals) = postSolution
		SolutionGuid = {A57185E2-EDA5-42B3-89A3-3F8F1CFC5C91}
	EndGlobalSection
EndGlobal
